
Microsoft Visual Studio Solution File, Format Version 12.00
# Visual Studio 15
VisualStudioVersion = 15.0.27130.0
MinimumVisualStudioVersion = 10.0.40219.1
Project("{FAE04EC0-301F-11D3-BF4B-00C04F79EFBC}") = "testWavOut", "testWavOut\testWavOut.csproj", "{2E53DD77-F3E0-4F05-9F0B-F897A885BDAF}"
EndProject
Project("{FAE04EC0-301F-11D3-BF4B-00C04F79EFBC}") = "WavOutLib", "WavOutLib\WavOutLib.csproj", "{03EA7782-D1E9-4CDE-89D3-27E29A86C9DD}"
EndProject
Project("{9A19103F-16F7-4668-BE54-9A1E7A4F7556}") = "Wav", "Wav\Wav.csproj", "{EC38745A-AE54-4863-930A-2B12B28AC22F}"
EndProject
Global
	GlobalSection(SolutionConfigurationPlatforms) = preSolution
		Debug|Any CPU = Debug|Any CPU
		Release|Any CPU = Release|Any CPU
	EndGlobalSection
	GlobalSection(ProjectConfigurationPlatforms) = postSolution
		{2E53DD77-F3E0-4F05-9F0B-F897A885BDAF}.Debug|Any CPU.ActiveCfg = Debug|Any CPU
		{2E53DD77-F3E0-4F05-9F0B-F897A885BDAF}.Debug|Any CPU.Build.0 = Debug|Any CPU
		{2E53DD77-F3E0-4F05-9F0B-F897A885BDAF}.Release|Any CPU.ActiveCfg = Release|Any CPU
		{2E53DD77-F3E0-4F05-9F0B-F897A885BDAF}.Release|Any CPU.Build.0 = Release|Any CPU
		{03EA7782-D1E9-4CDE-89D3-27E29A86C9DD}.Debug|Any CPU.ActiveCfg = Debug|Any CPU
		{03EA7782-D1E9-4CDE-89D3-27E29A86C9DD}.Debug|Any CPU.Build.0 = Debug|Any CPU
		{03EA7782-D1E9-4CDE-89D3-27E29A86C9DD}.Release|Any CPU.ActiveCfg = Release|Any CPU
		{03EA7782-D1E9-4CDE-89D3-27E29A86C9DD}.Release|Any CPU.Build.0 = Release|Any CPU
		{EC38745A-AE54-4863-930A-2B12B28AC22F}.Debug|Any CPU.ActiveCfg = Debug|Any CPU
		{EC38745A-AE54-4863-930A-2B12B28AC22F}.Debug|Any CPU.Build.0 = Debug|Any CPU
		{EC38745A-AE54-4863-930A-2B12B28AC22F}.Release|Any CPU.ActiveCfg = Release|Any CPU
		{EC38745A-AE54-4863-930A-2B12B28AC22F}.Release|Any CPU.Build.0 = Release|Any CPU
	EndGlobalSection
	GlobalSection(SolutionProperties) = preSolution
		HideSolutionNode = FALSE
	EndGlobalSection
	GlobalSection(ExtensibilityGlobals) = postSolution
		SolutionGuid = {B32E9684-567B-4A18-AE62-E2D36E8A67DC}
	EndGlobalSection
EndGlobal
